
Microsoft Visual Studio Solution File, Format Version 12.00
# Visual Studio Version 17
VisualStudioVersion = 17.5.001.0
MinimumVisualStudioVersion = 10.0.40219.1
Project("{9A19103F-16F7-4668-BE54-9A1E7A4F7556}") = "RestAPI", "RestAPI.csproj", "{026C9AAB-E851-45F9-B948-2A2B26E9E72D}"
EndProject
Global
	GlobalSection(SolutionConfigurationPlatforms) = preSolution
		Debug|Any CPU = Debug|Any CPU
		Release|Any CPU = Release|Any CPU
	EndGlobalSection
	GlobalSection(ProjectConfigurationPlatforms) = postSolution
		{026C9AAB-E851-45F9-B948-2A2B26E9E72D}.Debug|Any CPU.ActiveCfg = Debug|Any CPU
		{026C9AAB-E851-45F9-B948-2A2B26E9E72D}.Debug|Any CPU.Build.0 = Debug|Any CPU
		{026C9AAB-E851-45F9-B948-2A2B26E9E72D}.Release|Any CPU.ActiveCfg = Release|Any CPU
		{026C9AAB-E851-45F9-B948-2A2B26E9E72D}.Release|Any CPU.Build.0 = Release|Any CPU
	EndGlobalSection
	GlobalSection(SolutionProperties) = preSolution
		HideSolutionNode = FALSE
	EndGlobalSection
	GlobalSection(ExtensibilityGlobals) = postSolution
		SolutionGuid = {655B9709-0D66-4D06-A913-FAB519E72E71}
	EndGlobalSection
EndGlobal
