
Microsoft Visual Studio Solution File, Format Version 12.00
# Visual Studio Version 17
VisualStudioVersion = 17.5.001.0
MinimumVisualStudioVersion = 10.0.40219.1
Project("{9A19103F-16F7-4668-BE54-9A1E7A4F7556}") = "ApiAlmacenes", "ApiAlmacenes.csproj", "{41C5F301-1679-4944-AB09-71432D61F3C7}"
EndProject
Global
	GlobalSection(SolutionConfigurationPlatforms) = preSolution
		Debug|Any CPU = Debug|Any CPU
		Release|Any CPU = Release|Any CPU
	EndGlobalSection
	GlobalSection(ProjectConfigurationPlatforms) = postSolution
		{41C5F301-1679-4944-AB09-71432D61F3C7}.Debug|Any CPU.ActiveCfg = Debug|Any CPU
		{41C5F301-1679-4944-AB09-71432D61F3C7}.Debug|Any CPU.Build.0 = Debug|Any CPU
		{41C5F301-1679-4944-AB09-71432D61F3C7}.Release|Any CPU.ActiveCfg = Release|Any CPU
		{41C5F301-1679-4944-AB09-71432D61F3C7}.Release|Any CPU.Build.0 = Release|Any CPU
	EndGlobalSection
	GlobalSection(SolutionProperties) = preSolution
		HideSolutionNode = FALSE
	EndGlobalSection
	GlobalSection(ExtensibilityGlobals) = postSolution
		SolutionGuid = {A94B421B-90AB-4D16-BB36-435B4C986C27}
	EndGlobalSection
EndGlobal
